# generated by rye
# use `rye lock` or `rye sync` to update this lockfile
#
# last locked with the following flags:
#   pre: false
#   features: []
#   all-features: false
#   with-sources: false
#   generate-hashes: false
#   universal: false

-e file:.
cython==3.0.11
    # via screeninfo
numpy==1.24.4
    # via smiski
pygame==2.4.0
    # via smiski
pyobjc-core==10.3.1
    # via pyobjc-framework-cocoa
pyobjc-framework-cocoa==10.3.1
    # via screeninfo
screeninfo==0.8.1
    # via smiski
