# generated by rye
# use `rye lock` or `rye sync` to update this lockfile
#
# last locked with the following flags:
#   pre: false
#   features: []
#   all-features: false
#   with-sources: false
#   generate-hashes: false
#   universal: false

-e file:.
black==23.3.0
click==8.1.7
    # via black
cython==3.0.11
    # via screeninfo
mypy-extensions==1.0.0
    # via black
numpy==1.24.4
    # via smiski
packaging==24.2
    # via black
pathspec==0.12.1
    # via black
platformdirs==4.3.6
    # via black
pygame==2.4.0
    # via smiski
pyobjc-core==10.3.1
    # via pyobjc-framework-cocoa
pyobjc-framework-cocoa==10.3.1
    # via screeninfo
ruff==0.0.292
screeninfo==0.8.1
    # via smiski
